
Microsoft Visual Studio Solution File, Format Version 12.00
# Visual Studio Version 17
VisualStudioVersion = 17.14.36717.8
MinimumVisualStudioVersion = 10.0.40219.1
Project("{2150E333-8FDC-42A3-9474-1A3956D46DE8}") = "解决方案项", "解决方案项", "{9FA3D6BD-1EC1-3BA5-80CB-CE02773A58D5}"
EndProject
Project("{2150E333-8FDC-42A3-9474-1A3956D46DE8}") = "src", "src", "{02EA681E-C7D8-13C7-8484-4AC65E1B71E8}"
EndProject
Project("{2150E333-8FDC-42A3-9474-1A3956D46DE8}") = "test", "test", "{B63D7583-21A0-4CD1-8697-2D8A53ECCF9F}"
EndProject
Project("{FAE04EC0-301F-11D3-BF4B-00C04F79EFBC}") = "Profile", "src\Profile\Profile.csproj", "{928A1269-8652-EEC9-7DA0-45E22351F287}"
EndProject
Project("{FAE04EC0-301F-11D3-BF4B-00C04F79EFBC}") = "Profile.Tests", "test\Profile.Tests\Profile.Tests.csproj", "{01E6ED76-A42A-FE6C-34B9-8BE01066B0E0}"
EndProject
Global
	GlobalSection(SolutionConfigurationPlatforms) = preSolution
		Debug|Any CPU = Debug|Any CPU
		Release|Any CPU = Release|Any CPU
	EndGlobalSection
	GlobalSection(ProjectConfigurationPlatforms) = postSolution
		{928A1269-8652-EEC9-7DA0-45E22351F287}.Debug|Any CPU.ActiveCfg = Debug|Any CPU
		{928A1269-8652-EEC9-7DA0-45E22351F287}.Debug|Any CPU.Build.0 = Debug|Any CPU
		{928A1269-8652-EEC9-7DA0-45E22351F287}.Release|Any CPU.ActiveCfg = Release|Any CPU
		{928A1269-8652-EEC9-7DA0-45E22351F287}.Release|Any CPU.Build.0 = Release|Any CPU
		{01E6ED76-A42A-FE6C-34B9-8BE01066B0E0}.Debug|Any CPU.ActiveCfg = Debug|Any CPU
		{01E6ED76-A42A-FE6C-34B9-8BE01066B0E0}.Debug|Any CPU.Build.0 = Debug|Any CPU
		{01E6ED76-A42A-FE6C-34B9-8BE01066B0E0}.Release|Any CPU.ActiveCfg = Release|Any CPU
		{01E6ED76-A42A-FE6C-34B9-8BE01066B0E0}.Release|Any CPU.Build.0 = Release|Any CPU
	EndGlobalSection
	GlobalSection(SolutionProperties) = preSolution
		HideSolutionNode = FALSE
	EndGlobalSection
	GlobalSection(NestedProjects) = preSolution
		{928A1269-8652-EEC9-7DA0-45E22351F287} = {02EA681E-C7D8-13C7-8484-4AC65E1B71E8}
		{01E6ED76-A42A-FE6C-34B9-8BE01066B0E0} = {B63D7583-21A0-4CD1-8697-2D8A53ECCF9F}
	EndGlobalSection
	GlobalSection(ExtensibilityGlobals) = postSolution
		SolutionGuid = {D2445CF2-34B6-4242-AA6A-05AEC22F029A}
	EndGlobalSection
EndGlobal
